
Microsoft Visual Studio Solution File, Format Version 12.00
# Visual Studio Version 16
VisualStudioVersion = 16.0.31005.135
MinimumVisualStudioVersion = 10.0.40219.1
Project("{FAE04EC0-301F-11D3-BF4B-00C04F79EFBC}") = "UMan.Android", "UMan.Android\UMan.Android.csproj", "{37E51723-CA0D-40F3-8AB9-825BED0826A3}"
EndProject
Project("{FAE04EC0-301F-11D3-BF4B-00C04F79EFBC}") = "UMan", "UMan\UMan.csproj", "{4D5E9CD3-891B-447F-869D-213C0473DB1A}"
EndProject
Global
	GlobalSection(SolutionConfigurationPlatforms) = preSolution
		Debug|Any CPU = Debug|Any CPU
		Release|Any CPU = Release|Any CPU
	EndGlobalSection
	GlobalSection(ProjectConfigurationPlatforms) = postSolution
		{37E51723-CA0D-40F3-8AB9-825BED0826A3}.Debug|Any CPU.ActiveCfg = Debug|Any CPU
		{37E51723-CA0D-40F3-8AB9-825BED0826A3}.Debug|Any CPU.Build.0 = Debug|Any CPU
		{37E51723-CA0D-40F3-8AB9-825BED0826A3}.Debug|Any CPU.Deploy.0 = Debug|Any CPU
		{37E51723-CA0D-40F3-8AB9-825BED0826A3}.Release|Any CPU.ActiveCfg = Release|Any CPU
		{37E51723-CA0D-40F3-8AB9-825BED0826A3}.Release|Any CPU.Build.0 = Release|Any CPU
		{37E51723-CA0D-40F3-8AB9-825BED0826A3}.Release|Any CPU.Deploy.0 = Release|Any CPU
		{4D5E9CD3-891B-447F-869D-213C0473DB1A}.Debug|Any CPU.ActiveCfg = Debug|Any CPU
		{4D5E9CD3-891B-447F-869D-213C0473DB1A}.Debug|Any CPU.Build.0 = Debug|Any CPU
		{4D5E9CD3-891B-447F-869D-213C0473DB1A}.Debug|Any CPU.Deploy.0 = Debug|Any CPU
		{4D5E9CD3-891B-447F-869D-213C0473DB1A}.Release|Any CPU.ActiveCfg = Release|Any CPU
		{4D5E9CD3-891B-447F-869D-213C0473DB1A}.Release|Any CPU.Build.0 = Release|Any CPU
		{4D5E9CD3-891B-447F-869D-213C0473DB1A}.Release|Any CPU.Deploy.0 = Release|Any CPU
	EndGlobalSection
	GlobalSection(SolutionProperties) = preSolution
		HideSolutionNode = FALSE
	EndGlobalSection
	GlobalSection(ExtensibilityGlobals) = postSolution
		SolutionGuid = {01FE7346-3576-4DCE-A0A5-216E1BB9FBCE}
	EndGlobalSection
EndGlobal
